
Microsoft Visual Studio Solution File, Format Version 12.00
# Visual Studio Version 16
VisualStudioVersion = 16.0.30621.155
MinimumVisualStudioVersion = 10.0.40219.1
Project("{8BC9CEB8-8B4A-11D0-8D11-00A0C91BC942}") = "Money", "Money\Money.vcxproj", "{FAF33EB5-6F86-476B-8CFB-A118E976B5A5}"
EndProject
Global
	GlobalSection(SolutionConfigurationPlatforms) = preSolution
		Debug|x64 = Debug|x64
		Debug|x86 = Debug|x86
		Release|x64 = Release|x64
		Release|x86 = Release|x86
	EndGlobalSection
	GlobalSection(ProjectConfigurationPlatforms) = postSolution
		{FAF33EB5-6F86-476B-8CFB-A118E976B5A5}.Debug|x64.ActiveCfg = Debug|x64
		{FAF33EB5-6F86-476B-8CFB-A118E976B5A5}.Debug|x64.Build.0 = Debug|x64
		{FAF33EB5-6F86-476B-8CFB-A118E976B5A5}.Debug|x86.ActiveCfg = Debug|Win32
		{FAF33EB5-6F86-476B-8CFB-A118E976B5A5}.Debug|x86.Build.0 = Debug|Win32
		{FAF33EB5-6F86-476B-8CFB-A118E976B5A5}.Release|x64.ActiveCfg = Release|x64
		{FAF33EB5-6F86-476B-8CFB-A118E976B5A5}.Release|x64.Build.0 = Release|x64
		{FAF33EB5-6F86-476B-8CFB-A118E976B5A5}.Release|x86.ActiveCfg = Release|Win32
		{FAF33EB5-6F86-476B-8CFB-A118E976B5A5}.Release|x86.Build.0 = Release|Win32
	EndGlobalSection
	GlobalSection(SolutionProperties) = preSolution
		HideSolutionNode = FALSE
	EndGlobalSection
	GlobalSection(ExtensibilityGlobals) = postSolution
		SolutionGuid = {B2D9D81E-B546-4382-A829-BEDC2975F6E9}
	EndGlobalSection
EndGlobal
