
Microsoft Visual Studio Solution File, Format Version 12.00
# Visual Studio Version 16
VisualStudioVersion = 16.0.30907.101
MinimumVisualStudioVersion = 10.0.40219.1
Project("{FAE04EC0-301F-11D3-BF4B-00C04F79EFBC}") = "Ships", "Ships\Ships.csproj", "{E9DD1C22-0593-4975-9558-9B6FE1FE7DBB}"
EndProject
Global
	GlobalSection(SolutionConfigurationPlatforms) = preSolution
		Debug|Any CPU = Debug|Any CPU
		Release|Any CPU = Release|Any CPU
	EndGlobalSection
	GlobalSection(ProjectConfigurationPlatforms) = postSolution
		{E9DD1C22-0593-4975-9558-9B6FE1FE7DBB}.Debug|Any CPU.ActiveCfg = Debug|Any CPU
		{E9DD1C22-0593-4975-9558-9B6FE1FE7DBB}.Debug|Any CPU.Build.0 = Debug|Any CPU
		{E9DD1C22-0593-4975-9558-9B6FE1FE7DBB}.Release|Any CPU.ActiveCfg = Release|Any CPU
		{E9DD1C22-0593-4975-9558-9B6FE1FE7DBB}.Release|Any CPU.Build.0 = Release|Any CPU
	EndGlobalSection
	GlobalSection(SolutionProperties) = preSolution
		HideSolutionNode = FALSE
	EndGlobalSection
	GlobalSection(ExtensibilityGlobals) = postSolution
		SolutionGuid = {6827B76D-9142-4372-9282-C4A84AEA0921}
	EndGlobalSection
EndGlobal
